{
  "nodes": {
    "flatpaks": {
      "locked": {
        "lastModified": 1754772718,
        "narHash": "sha256-AlYxWTqGiYlyMbMkh7Zt+2wekPxd3d1x6INbr2nQtTI=",
        "owner": "in-a-dil-emma",
        "repo": "declarative-flatpak",
        "rev": "8ca8ff9fffb6c94561b74f79569a0ac0e43464c2",
        "type": "github"
      },
      "original": {
        "owner": "in-a-dil-emma",
        "ref": "stable-v3",
        "repo": "declarative-flatpak",
        "type": "github"
      }
    },
    "home-manager": {
      "inputs": {
        "nixpkgs": [
          "nixpkgs"
        ]
      },
      "locked": {
        "lastModified": 1753592768,
        "narHash": "sha256-oV695RvbAE4+R9pcsT9shmp6zE/+IZe6evHWX63f2Qg=",
        "owner": "nix-community",
        "repo": "home-manager",
        "rev": "fc3add429f21450359369af74c2375cb34a2d204",
        "type": "github"
      },
      "original": {
        "owner": "nix-community",
        "ref": "release-25.05",
        "repo": "home-manager",
        "type": "github"
      }
    },
    "nixpkgs": {
      "locked": {
        "lastModified": 1754292888,
        "narHash": "sha256-1ziydHSiDuSnaiPzCQh1mRFBsM2d2yRX9I+5OPGEmIE=",
        "owner": "NixOS",
        "repo": "nixpkgs",
        "rev": "ce01daebf8489ba97bd1609d185ea276efdeb121",
        "type": "github"
      },
      "original": {
        "owner": "NixOS",
        "ref": "nixos-25.05",
        "repo": "nixpkgs",
        "type": "github"
      }
    },
    "nixpkgs-unstable": {
      "locked": {
        "lastModified": 1754214453,
        "narHash": "sha256-Q/I2xJn/j1wpkGhWkQnm20nShYnG7TI99foDBpXm1SY=",
        "owner": "NixOS",
        "repo": "nixpkgs",
        "rev": "5b09dc45f24cf32316283e62aec81ffee3c3e376",
        "type": "github"
      },
      "original": {
        "id": "nixpkgs",
        "ref": "nixos-unstable",
        "type": "indirect"
      }
    },
    "root": {
      "inputs": {
        "flatpaks": "flatpaks",
        "home-manager": "home-manager",
        "nixpkgs": "nixpkgs",
        "nixpkgs-unstable": "nixpkgs-unstable"
      }
    }
  },
  "root": "root",
  "version": 7
}
